
Microsoft Visual Studio Solution File, Format Version 12.00
# Visual Studio Version 17
VisualStudioVersion = 17.12.35209.166
MinimumVisualStudioVersion = 10.0.40219.1
Project("{2150E333-8FDC-42A3-9474-1A3956D46DE8}") = "Core", "Core", "{3C69CCC5-1D64-43DF-8399-D971F49EDB54}"
EndProject
Project("{FAE04EC0-301F-11D3-BF4B-00C04F79EFBC}") = "OnionArc.Domain", "Core\OnionArc.Domain\OnionArc.Domain.csproj", "{A25D1EB2-633D-41C4-812F-3793432E2E67}"
EndProject
Global
	GlobalSection(SolutionConfigurationPlatforms) = preSolution
		Debug|Any CPU = Debug|Any CPU
		Release|Any CPU = Release|Any CPU
	EndGlobalSection
	GlobalSection(ProjectConfigurationPlatforms) = postSolution
		{A25D1EB2-633D-41C4-812F-3793432E2E67}.Debug|Any CPU.ActiveCfg = Debug|Any CPU
		{A25D1EB2-633D-41C4-812F-3793432E2E67}.Debug|Any CPU.Build.0 = Debug|Any CPU
		{A25D1EB2-633D-41C4-812F-3793432E2E67}.Release|Any CPU.ActiveCfg = Release|Any CPU
		{A25D1EB2-633D-41C4-812F-3793432E2E67}.Release|Any CPU.Build.0 = Release|Any CPU
	EndGlobalSection
	GlobalSection(SolutionProperties) = preSolution
		HideSolutionNode = FALSE
	EndGlobalSection
	GlobalSection(NestedProjects) = preSolution
		{A25D1EB2-633D-41C4-812F-3793432E2E67} = {3C69CCC5-1D64-43DF-8399-D971F49EDB54}
	EndGlobalSection
	GlobalSection(ExtensibilityGlobals) = postSolution
		SolutionGuid = {42B068D2-795B-4FFE-8946-45DF385F77B1}
	EndGlobalSection
EndGlobal
